
Microsoft Visual Studio Solution File, Format Version 12.00
# Visual Studio 15
VisualStudioVersion = 15.0.28307.136
MinimumVisualStudioVersion = 10.0.40219.1
Project("{8BC9CEB8-8B4A-11D0-8D11-00A0C91BC942}") = "CrossMaterial", "CrossMaterial\CrossMaterial.vcxproj", "{FC03696F-467C-42E7-A113-60A5F90143A2}"
EndProject
Global
	GlobalSection(SolutionConfigurationPlatforms) = preSolution
		Debug|Win32 = Debug|Win32
		Release|Win32 = Release|Win32
	EndGlobalSection
	GlobalSection(ProjectConfigurationPlatforms) = postSolution
		{FC03696F-467C-42E7-A113-60A5F90143A2}.Debug|Win32.ActiveCfg = Debug|Win32
		{FC03696F-467C-42E7-A113-60A5F90143A2}.Debug|Win32.Build.0 = Debug|Win32
		{FC03696F-467C-42E7-A113-60A5F90143A2}.Release|Win32.ActiveCfg = Release|Win32
		{FC03696F-467C-42E7-A113-60A5F90143A2}.Release|Win32.Build.0 = Release|Win32
	EndGlobalSection
	GlobalSection(SolutionProperties) = preSolution
		HideSolutionNode = FALSE
	EndGlobalSection
	GlobalSection(ExtensibilityGlobals) = postSolution
		SolutionGuid = {546F6408-5CD3-4012-B91F-8812A639FE22}
	EndGlobalSection
EndGlobal
